
Microsoft Visual Studio Solution File, Format Version 12.00
# Visual Studio Version 17
VisualStudioVersion = 17.3.32901.215
MinimumVisualStudioVersion = 10.0.40219.1
Project("{FAE04EC0-301F-11D3-BF4B-00C04F79EFBC}") = "prak2_", "prak2_\prak2_.csproj", "{08669707-BF25-46D0-ACEC-E7B4271D540D}"
EndProject
Global
	GlobalSection(SolutionConfigurationPlatforms) = preSolution
		Debug|Any CPU = Debug|Any CPU
		Release|Any CPU = Release|Any CPU
	EndGlobalSection
	GlobalSection(ProjectConfigurationPlatforms) = postSolution
		{08669707-BF25-46D0-ACEC-E7B4271D540D}.Debug|Any CPU.ActiveCfg = Debug|Any CPU
		{08669707-BF25-46D0-ACEC-E7B4271D540D}.Debug|Any CPU.Build.0 = Debug|Any CPU
		{08669707-BF25-46D0-ACEC-E7B4271D540D}.Release|Any CPU.ActiveCfg = Release|Any CPU
		{08669707-BF25-46D0-ACEC-E7B4271D540D}.Release|Any CPU.Build.0 = Release|Any CPU
	EndGlobalSection
	GlobalSection(SolutionProperties) = preSolution
		HideSolutionNode = FALSE
	EndGlobalSection
	GlobalSection(ExtensibilityGlobals) = postSolution
		SolutionGuid = {1A0534CA-1225-49CE-952A-762A34705AFC}
	EndGlobalSection
EndGlobal
